// !$*UTF8*$!
{
	archiveVersion = 1;
	classes = {
	};
	objectVersion = 50;
	objects = {

/* Begin PBXBuildFile section */
		4712DCA2265EA22C005D0474 /* AppDelegate.swift in Sources */ = {isa = PBXBuildFile; fileRef = 4712DCA1265EA22C005D0474 /* AppDelegate.swift */; };
		4712DCA4265EA22C005D0474 /* SceneDelegate.swift in Sources */ = {isa = PBXBuildFile; fileRef = 4712DCA3265EA22C005D0474 /* SceneDelegate.swift */; };
		4712DCA6265EA22C005D0474 /* ViewController.swift in Sources */ = {isa = PBXBuildFile; fileRef = 4712DCA5265EA22C005D0474 /* ViewController.swift */; };
		4712DCA9265EA22C005D0474 /* Main.storyboard in Resources */ = {isa = PBXBuildFile; fileRef = 4712DCA7265EA22C005D0474 /* Main.storyboard */; };
		4712DCAB265EA22E005D0474 /* Assets.xcassets in Resources */ = {isa = PBXBuildFile; fileRef = 4712DCAA265EA22E005D0474 /* Assets.xcassets */; };
		4712DCAE265EA22E005D0474 /* LaunchScreen.storyboard in Resources */ = {isa = PBXBuildFile; fileRef = 4712DCAC265EA22E005D0474 /* LaunchScreen.storyboard */; };
		4712DCB6265EA53A005D0474 /* Delm-Medium.otf in Resources */ = {isa = PBXBuildFile; fileRef = 4712DCB5265EA53A005D0474 /* Delm-Medium.otf */; };
		4712DCBA265EA5D5005D0474 /* ThirstySoftRegular.otf in Resources */ = {isa = PBXBuildFile; fileRef = 4712DCB9265EA5D5005D0474 /* ThirstySoftRegular.otf */; };
		4771BAED266E57ED00D51B1F /* UIView+Image.swift in Sources */ = {isa = PBXBuildFile; fileRef = 4771BAEC266E57ED00D51B1F /* UIView+Image.swift */; };
/* End PBXBuildFile section */

/* Begin PBXFileReference section */
		4712DC9E265EA22C005D0474 /* Instagrid.app */ = {isa = PBXFileReference; explicitFileType = wrapper.application; includeInIndex = 0; path = Instagrid.app; sourceTree = BUILT_PRODUCTS_DIR; };
		4712DCA1265EA22C005D0474 /* AppDelegate.swift */ = {isa = PBXFileReference; lastKnownFileType = sourcecode.swift; path = AppDelegate.swift; sourceTree = "<group>"; };
		4712DCA3265EA22C005D0474 /* SceneDelegate.swift */ = {isa = PBXFileReference; lastKnownFileType = sourcecode.swift; path = SceneDelegate.swift; sourceTree = "<group>"; };
		4712DCA5265EA22C005D0474 /* ViewController.swift */ = {isa = PBXFileReference; lastKnownFileType = sourcecode.swift; path = ViewController.swift; sourceTree = "<group>"; };
		4712DCA8265EA22C005D0474 /* Base */ = {isa = PBXFileReference; lastKnownFileType = file.storyboard; name = Base; path = Base.lproj/Main.storyboard; sourceTree = "<group>"; };
		4712DCAA265EA22E005D0474 /* Assets.xcassets */ = {isa = PBXFileReference; lastKnownFileType = folder.assetcatalog; path = Assets.xcassets; sourceTree = "<group>"; };
		4712DCAD265EA22E005D0474 /* Base */ = {isa = PBXFileReference; lastKnownFileType = file.storyboard; name = Base; path = Base.lproj/LaunchScreen.storyboard; sourceTree = "<group>"; };
		4712DCAF265EA22E005D0474 /* Info.plist */ = {isa = PBXFileReference; lastKnownFileType = text.plist.xml; path = Info.plist; sourceTree = "<group>"; };
		4712DCB5265EA53A005D0474 /* Delm-Medium.otf */ = {isa = PBXFileReference; lastKnownFileType = file; path = "Delm-Medium.otf"; sourceTree = "<group>"; };
		4712DCB9265EA5D5005D0474 /* ThirstySoftRegular.otf */ = {isa = PBXFileReference; lastKnownFileType = file; path = ThirstySoftRegular.otf; sourceTree = "<group>"; };
		4771BAEC266E57ED00D51B1F /* UIView+Image.swift */ = {isa = PBXFileReference; lastKnownFileType = sourcecode.swift; path = "UIView+Image.swift"; sourceTree = "<group>"; };
/* End PBXFileReference section */

/* Begin PBXFrameworksBuildPhase section */
		4712DC9B265EA22C005D0474 /* Frameworks */ = {
			isa = PBXFrameworksBuildPhase;
			buildActionMask = 2147483647;
			files = (
			);
			runOnlyForDeploymentPostprocessing = 0;
		};
/* End PBXFrameworksBuildPhase section */

/* Begin PBXGroup section */
		4712DC95265EA22C005D0474 = {
			isa = PBXGroup;
			children = (
				4712DCA0265EA22C005D0474 /* Instagrid */,
				4712DC9F265EA22C005D0474 /* Products */,
			);
			sourceTree = "<group>";
		};
		4712DC9F265EA22C005D0474 /* Products */ = {
			isa = PBXGroup;
			children = (
				4712DC9E265EA22C005D0474 /* Instagrid.app */,
			);
			name = Products;
			sourceTree = "<group>";
		};
		4712DCA0265EA22C005D0474 /* Instagrid */ = {
			isa = PBXGroup;
			children = (
				4771BAEE266E591500D51B1F /* View */,
				4771BAF0266E595100D51B1F /* Controller */,
				4771BAF1266E596A00D51B1F /* Extension */,
				4771BAEF266E592D00D51B1F /* Support files */,
				4712DCAF265EA22E005D0474 /* Info.plist */,
			);
			path = Instagrid;
			sourceTree = "<group>";
		};
		4771BAEE266E591500D51B1F /* View */ = {
			isa = PBXGroup;
			children = (
				4712DCA7265EA22C005D0474 /* Main.storyboard */,
				4712DCAC265EA22E005D0474 /* LaunchScreen.storyboard */,
			);
			path = View;
			sourceTree = "<group>";
		};
		4771BAEF266E592D00D51B1F /* Support files */ = {
			isa = PBXGroup;
			children = (
				4712DCB5265EA53A005D0474 /* Delm-Medium.otf */,
				4712DCB9265EA5D5005D0474 /* ThirstySoftRegular.otf */,
				4712DCAA265EA22E005D0474 /* Assets.xcassets */,
				4712DCA1265EA22C005D0474 /* AppDelegate.swift */,
				4712DCA3265EA22C005D0474 /* SceneDelegate.swift */,
			);
			path = "Support files";
			sourceTree = "<group>";
		};
		4771BAF0266E595100D51B1F /* Controller */ = {
			isa = PBXGroup;
			children = (
				4712DCA5265EA22C005D0474 /* ViewController.swift */,
			);
			path = Controller;
			sourceTree = "<group>";
		};
		4771BAF1266E596A00D51B1F /* Extension */ = {
			isa = PBXGroup;
			children = (
				4771BAEC266E57ED00D51B1F /* UIView+Image.swift */,
			);
			path = Extension;
			sourceTree = "<group>";
		};
/* End PBXGroup section */

/* Begin PBXNativeTarget section */
		4712DC9D265EA22C005D0474 /* Instagrid */ = {
			isa = PBXNativeTarget;
			buildConfigurationList = 4712DCB2265EA22E005D0474 /* Build configuration list for PBXNativeTarget "Instagrid" */;
			buildPhases = (
				4712DC9A265EA22C005D0474 /* Sources */,
				4712DC9B265EA22C005D0474 /* Frameworks */,
				4712DC9C265EA22C005D0474 /* Resources */,
			);
			buildRules = (
			);
			dependencies = (
			);
			name = Instagrid;
			productName = Instagrid;
			productReference = 4712DC9E265EA22C005D0474 /* Instagrid.app */;
			productType = "com.apple.product-type.application";
		};
/* End PBXNativeTarget section */

/* Begin PBXProject section */
		4712DC96265EA22C005D0474 /* Project object */ = {
			isa = PBXProject;
			attributes = {
				LastSwiftUpdateCheck = 1250;
				LastUpgradeCheck = 1250;
				TargetAttributes = {
					4712DC9D265EA22C005D0474 = {
						CreatedOnToolsVersion = 12.5;
					};
				};
			};
			buildConfigurationList = 4712DC99265EA22C005D0474 /* Build configuration list for PBXProject "Instagrid" */;
			compatibilityVersion = "Xcode 9.3";
			developmentRegion = en;
			hasScannedForEncodings = 0;
			knownRegions = (
				en,
				Base,
			);
			mainGroup = 4712DC95265EA22C005D0474;
			productRefGroup = 4712DC9F265EA22C005D0474 /* Products */;
			projectDirPath = "";
			projectRoot = "";
			targets = (
				4712DC9D265EA22C005D0474 /* Instagrid */,
			);
		};
/* End PBXProject section */

/* Begin PBXResourcesBuildPhase section */
		4712DC9C265EA22C005D0474 /* Resources */ = {
			isa = PBXResourcesBuildPhase;
			buildActionMask = 2147483647;
			files = (
				4712DCBA265EA5D5005D0474 /* ThirstySoftRegular.otf in Resources */,
				4712DCAE265EA22E005D0474 /* LaunchScreen.storyboard in Resources */,
				4712DCAB265EA22E005D0474 /* Assets.xcassets in Resources */,
				4712DCB6265EA53A005D0474 /* Delm-Medium.otf in Resources */,
				4712DCA9265EA22C005D0474 /* Main.storyboard in Resources */,
			);
			runOnlyForDeploymentPostprocessing = 0;
		};
/* End PBXResourcesBuildPhase section */

/* Begin PBXSourcesBuildPhase section */
		4712DC9A265EA22C005D0474 /* Sources */ = {
			isa = PBXSourcesBuildPhase;
			buildActionMask = 2147483647;
			files = (
				4771BAED266E57ED00D51B1F /* UIView+Image.swift in Sources */,
				4712DCA6265EA22C005D0474 /* ViewController.swift in Sources */,
				4712DCA2265EA22C005D0474 /* AppDelegate.swift in Sources */,
				4712DCA4265EA22C005D0474 /* SceneDelegate.swift in Sources */,
			);
			runOnlyForDeploymentPostprocessing = 0;
		};
/* End PBXSourcesBuildPhase section */

/* Begin PBXVariantGroup section */
		4712DCA7265EA22C005D0474 /* Main.storyboard */ = {
			isa = PBXVariantGroup;
			children = (
				4712DCA8265EA22C005D0474 /* Base */,
			);
			name = Main.storyboard;
			sourceTree = "<group>";
		};
		4712DCAC265EA22E005D0474 /* LaunchScreen.storyboard */ = {
			isa = PBXVariantGroup;
			children = (
				4712DCAD265EA22E005D0474 /* Base */,
			);
			name = LaunchScreen.storyboard;
			sourceTree = "<group>";
		};
/* End PBXVariantGroup section */

/* Begin XCBuildConfiguration section */
		4712DCB0265EA22E005D0474 /* Debug */ = {
			isa = XCBuildConfiguration;
			buildSettings = {
				ALWAYS_SEARCH_USER_PATHS = NO;
				CLANG_ANALYZER_NONNULL = YES;
				CLANG_ANALYZER_NUMBER_OBJECT_CONVERSION = YES_AGGRESSIVE;
				CLANG_CXX_LANGUAGE_STANDARD = "gnu++14";
				CLANG_CXX_LIBRARY = "libc++";
				CLANG_ENABLE_MODULES = YES;
				CLANG_ENABLE_OBJC_ARC = YES;
				CLANG_ENABLE_OBJC_WEAK = YES;
				CLANG_WARN_BLOCK_CAPTURE_AUTORELEASING = YES;
				CLANG_WARN_BOOL_CONVERSION = YES;
				CLANG_WARN_COMMA = YES;
				CLANG_WARN_CONSTANT_CONVERSION = YES;
				CLANG_WARN_DEPRECATED_OBJC_IMPLEMENTATIONS = YES;
				CLANG_WARN_DIRECT_OBJC_ISA_USAGE = YES_ERROR;
				CLANG_WARN_DOCUMENTATION_COMMENTS = YES;
				CLANG_WARN_EMPTY_BODY = YES;
				CLANG_WARN_ENUM_CONVERSION = YES;
				CLANG_WARN_INFINITE_RECURSION = YES;
				CLANG_WARN_INT_CONVERSION = YES;
				CLANG_WARN_NON_LITERAL_NULL_CONVERSION = YES;
				CLANG_WARN_OBJC_IMPLICIT_RETAIN_SELF = YES;
				CLANG_WARN_OBJC_LITERAL_CONVERSION = YES;
				CLANG_WARN_OBJC_ROOT_CLASS = YES_ERROR;
				CLANG_WARN_QUOTED_INCLUDE_IN_FRAMEWORK_HEADER = YES;
				CLANG_WARN_RANGE_LOOP_ANALYSIS = YES;
				CLANG_WARN_STRICT_PROTOTYPES = YES;
				CLANG_WARN_SUSPICIOUS_MOVE = YES;
				CLANG_WARN_UNGUARDED_AVAILABILITY = YES_AGGRESSIVE;
				CLANG_WARN_UNREACHABLE_CODE = YES;
				CLANG_WARN__DUPLICATE_METHOD_MATCH = YES;
				COPY_PHASE_STRIP = NO;
				DEBUG_INFORMATION_FORMAT = dwarf;
				ENABLE_STRICT_OBJC_MSGSEND = YES;
				ENABLE_TESTABILITY = YES;
				GCC_C_LANGUAGE_STANDARD = gnu11;
				GCC_DYNAMIC_NO_PIC = NO;
				GCC_NO_COMMON_BLOCKS = YES;
				GCC_OPTIMIZATION_LEVEL = 0;
				GCC_PREPROCESSOR_DEFINITIONS = (
					"DEBUG=1",
					"$(inherited)",
				);
				GCC_WARN_64_TO_32_BIT_CONVERSION = YES;
				GCC_WARN_ABOUT_RETURN_TYPE = YES_ERROR;
				GCC_WARN_UNDECLARED_SELECTOR = YES;
				GCC_WARN_UNINITIALIZED_AUTOS = YES_AGGRESSIVE;
				GCC_WARN_UNUSED_FUNCTION = YES;
				GCC_WARN_UNUSED_VARIABLE = YES;
				IPHONEOS_DEPLOYMENT_TARGET = 11.0;
				MTL_ENABLE_DEBUG_INFO = INCLUDE_SOURCE;
				MTL_FAST_MATH = YES;
				ONLY_ACTIVE_ARCH = YES;
				SDKROOT = iphoneos;
				SWIFT_ACTIVE_COMPILATION_CONDITIONS = DEBUG;
				SWIFT_OPTIMIZATION_LEVEL = "-Onone";
			};
			name = Debug;
		};
		4712DCB1265EA22E005D0474 /* Release */ = {
			isa = XCBuildConfiguration;
			buildSettings = {
				ALWAYS_SEARCH_USER_PATHS = NO;
				CLANG_ANALYZER_NONNULL = YES;
				CLANG_ANALYZER_NUMBER_OBJECT_CONVERSION = YES_AGGRESSIVE;
				CLANG_CXX_LANGUAGE_STANDARD = "gnu++14";
				CLANG_CXX_LIBRARY = "libc++";
				CLANG_ENABLE_MODULES = YES;
				CLANG_ENABLE_OBJC_ARC = YES;
				CLANG_ENABLE_OBJC_WEAK = YES;
				CLANG_WARN_BLOCK_CAPTURE_AUTORELEASING = YES;
				CLANG_WARN_BOOL_CONVERSION = YES;
				CLANG_WARN_COMMA = YES;
				CLANG_WARN_CONSTANT_CONVERSION = YES;
				CLANG_WARN_DEPRECATED_OBJC_IMPLEMENTATIONS = YES;
				CLANG_WARN_DIRECT_OBJC_ISA_USAGE = YES_ERROR;
				CLANG_WARN_DOCUMENTATION_COMMENTS = YES;
				CLANG_WARN_EMPTY_BODY = YES;
				CLANG_WARN_ENUM_CONVERSION = YES;
				CLANG_WARN_INFINITE_RECURSION = YES;
				CLANG_WARN_INT_CONVERSION = YES;
				CLANG_WARN_NON_LITERAL_NULL_CONVERSION = YES;
				CLANG_WARN_OBJC_IMPLICIT_RETAIN_SELF = YES;
				CLANG_WARN_OBJC_LITERAL_CONVERSION = YES;
				CLANG_WARN_OBJC_ROOT_CLASS = YES_ERROR;
				CLANG_WARN_QUOTED_INCLUDE_IN_FRAMEWORK_HEADER = YES;
				CLANG_WARN_RANGE_LOOP_ANALYSIS = YES;
				CLANG_WARN_STRICT_PROTOTYPES = YES;
				CLANG_WARN_SUSPICIOUS_MOVE = YES;
				CLANG_WARN_UNGUARDED_AVAILABILITY = YES_AGGRESSIVE;
				CLANG_WARN_UNREACHABLE_CODE = YES;
				CLANG_WARN__DUPLICATE_METHOD_MATCH = YES;
				COPY_PHASE_STRIP = NO;
				DEBUG_INFORMATION_FORMAT = "dwarf-with-dsym";
				ENABLE_NS_ASSERTIONS = NO;
				ENABLE_STRICT_OBJC_MSGSEND = YES;
				GCC_C_LANGUAGE_STANDARD = gnu11;
				GCC_NO_COMMON_BLOCKS = YES;
				GCC_WARN_64_TO_32_BIT_CONVERSION = YES;
				GCC_WARN_ABOUT_RETURN_TYPE = YES_ERROR;
				GCC_WARN_UNDECLARED_SELECTOR = YES;
				GCC_WARN_UNINITIALIZED_AUTOS = YES_AGGRESSIVE;
				GCC_WARN_UNUSED_FUNCTION = YES;
				GCC_WARN_UNUSED_VARIABLE = YES;
				IPHONEOS_DEPLOYMENT_TARGET = 11.0;
				MTL_ENABLE_DEBUG_INFO = NO;
				MTL_FAST_MATH = YES;
				SDKROOT = iphoneos;
				SWIFT_COMPILATION_MODE = wholemodule;
				SWIFT_OPTIMIZATION_LEVEL = "-O";
				VALIDATE_PRODUCT = YES;
			};
			name = Release;
		};
		4712DCB3265EA22E005D0474 /* Debug */ = {
			isa = XCBuildConfiguration;
			buildSettings = {
				ASSETCATALOG_COMPILER_APPICON_NAME = AppIcon;
				ASSETCATALOG_COMPILER_GLOBAL_ACCENT_COLOR_NAME = AccentColor;
				CODE_SIGN_STYLE = Automatic;
				DEVELOPMENT_TEAM = SA2BACU3UM;
				INFOPLIST_FILE = Instagrid/Info.plist;
				IPHONEOS_DEPLOYMENT_TARGET = 11.0;
				LD_RUNPATH_SEARCH_PATHS = (
					"$(inherited)",
					"@executable_path/Frameworks",
				);
				PRODUCT_BUNDLE_IDENTIFIER = squirrel.Instagrid;
				PRODUCT_NAME = "$(TARGET_NAME)";
				SWIFT_VERSION = 5.0;
				TARGETED_DEVICE_FAMILY = 1;
			};
			name = Debug;
		};
		4712DCB4265EA22E005D0474 /* Release */ = {
			isa = XCBuildConfiguration;
			buildSettings = {
				ASSETCATALOG_COMPILER_APPICON_NAME = AppIcon;
				ASSETCATALOG_COMPILER_GLOBAL_ACCENT_COLOR_NAME = AccentColor;
				CODE_SIGN_STYLE = Automatic;
				DEVELOPMENT_TEAM = SA2BACU3UM;
				INFOPLIST_FILE = Instagrid/Info.plist;
				IPHONEOS_DEPLOYMENT_TARGET = 11.0;
				LD_RUNPATH_SEARCH_PATHS = (
					"$(inherited)",
					"@executable_path/Frameworks",
				);
				PRODUCT_BUNDLE_IDENTIFIER = squirrel.Instagrid;
				PRODUCT_NAME = "$(TARGET_NAME)";
				SWIFT_VERSION = 5.0;
				TARGETED_DEVICE_FAMILY = 1;
			};
			name = Release;
		};
/* End XCBuildConfiguration section */

/* Begin XCConfigurationList section */
		4712DC99265EA22C005D0474 /* Build configuration list for PBXProject "Instagrid" */ = {
			isa = XCConfigurationList;
			buildConfigurations = (
				4712DCB0265EA22E005D0474 /* Debug */,
				4712DCB1265EA22E005D0474 /* Release */,
			);
			defaultConfigurationIsVisible = 0;
			defaultConfigurationName = Release;
		};
		4712DCB2265EA22E005D0474 /* Build configuration list for PBXNativeTarget "Instagrid" */ = {
			isa = XCConfigurationList;
			buildConfigurations = (
				4712DCB3265EA22E005D0474 /* Debug */,
				4712DCB4265EA22E005D0474 /* Release */,
			);
			defaultConfigurationIsVisible = 0;
			defaultConfigurationName = Release;
		};
/* End XCConfigurationList section */
	};
	rootObject = 4712DC96265EA22C005D0474 /* Project object */;
}
